
Microsoft Visual Studio Solution File, Format Version 12.00
# Visual Studio Version 17
VisualStudioVersion = 17.3.32901.215
MinimumVisualStudioVersion = 10.0.40219.1
Project("{FAE04EC0-301F-11D3-BF4B-00C04F79EFBC}") = "RetailResaleApi", "RetailResaleApi\RetailResaleApi.csproj", "{4978AD14-A345-4302-8A5B-94348B7B0040}"
EndProject
Global
	GlobalSection(SolutionConfigurationPlatforms) = preSolution
		Debug|Any CPU = Debug|Any CPU
		Release|Any CPU = Release|Any CPU
	EndGlobalSection
	GlobalSection(ProjectConfigurationPlatforms) = postSolution
		{4978AD14-A345-4302-8A5B-94348B7B0040}.Debug|Any CPU.ActiveCfg = Debug|Any CPU
		{4978AD14-A345-4302-8A5B-94348B7B0040}.Debug|Any CPU.Build.0 = Debug|Any CPU
		{4978AD14-A345-4302-8A5B-94348B7B0040}.Release|Any CPU.ActiveCfg = Release|Any CPU
		{4978AD14-A345-4302-8A5B-94348B7B0040}.Release|Any CPU.Build.0 = Release|Any CPU
	EndGlobalSection
	GlobalSection(SolutionProperties) = preSolution
		HideSolutionNode = FALSE
	EndGlobalSection
	GlobalSection(ExtensibilityGlobals) = postSolution
		SolutionGuid = {94C3983D-9320-485D-A3E6-B72827D52401}
	EndGlobalSection
EndGlobal
